
Microsoft Visual Studio Solution File, Format Version 12.00
# Visual Studio Version 17
VisualStudioVersion = 17.2.32526.322
MinimumVisualStudioVersion = 10.0.40219.1
Project("{2150E333-8FDC-42A3-9474-1A3956D46DE8}") = "Services", "Services", "{375DBA3F-7C4B-4AD3-9F08-032C77299F8F}"
EndProject
Project("{2150E333-8FDC-42A3-9474-1A3956D46DE8}") = "Catalog", "Catalog", "{8E82A05F-0F66-4863-9F50-B20FB1BA6DBE}"
EndProject
Project("{9A19103F-16F7-4668-BE54-9A1E7A4F7556}") = "Catalog.API", "Services\Catalog\Catalog.API\Catalog.API.csproj", "{1BF39642-96D4-4D4F-8CAF-29E3227800FB}"
EndProject
Project("{E53339B2-1760-4266-BCC7-CA923CBCF16C}") = "docker-compose", "docker-compose.dcproj", "{EE8FD5CD-B65F-4D9C-AC15-F9DC28B288C9}"
EndProject
Project("{2150E333-8FDC-42A3-9474-1A3956D46DE8}") = "Basket", "Basket", "{87EB3EB5-DB3D-4D46-A349-B074FDF21313}"
EndProject
Project("{FAE04EC0-301F-11D3-BF4B-00C04F79EFBC}") = "Basket.API", "Services\Basket\Basket.API\Basket.API.csproj", "{0C36F19E-5935-43EA-819B-CC21E167E549}"
EndProject
Global
	GlobalSection(SolutionConfigurationPlatforms) = preSolution
		Debug|Any CPU = Debug|Any CPU
		Release|Any CPU = Release|Any CPU
	EndGlobalSection
	GlobalSection(ProjectConfigurationPlatforms) = postSolution
		{1BF39642-96D4-4D4F-8CAF-29E3227800FB}.Debug|Any CPU.ActiveCfg = Debug|Any CPU
		{1BF39642-96D4-4D4F-8CAF-29E3227800FB}.Debug|Any CPU.Build.0 = Debug|Any CPU
		{1BF39642-96D4-4D4F-8CAF-29E3227800FB}.Release|Any CPU.ActiveCfg = Release|Any CPU
		{1BF39642-96D4-4D4F-8CAF-29E3227800FB}.Release|Any CPU.Build.0 = Release|Any CPU
		{EE8FD5CD-B65F-4D9C-AC15-F9DC28B288C9}.Debug|Any CPU.ActiveCfg = Debug|Any CPU
		{EE8FD5CD-B65F-4D9C-AC15-F9DC28B288C9}.Debug|Any CPU.Build.0 = Debug|Any CPU
		{EE8FD5CD-B65F-4D9C-AC15-F9DC28B288C9}.Release|Any CPU.ActiveCfg = Release|Any CPU
		{EE8FD5CD-B65F-4D9C-AC15-F9DC28B288C9}.Release|Any CPU.Build.0 = Release|Any CPU
		{0C36F19E-5935-43EA-819B-CC21E167E549}.Debug|Any CPU.ActiveCfg = Debug|Any CPU
		{0C36F19E-5935-43EA-819B-CC21E167E549}.Debug|Any CPU.Build.0 = Debug|Any CPU
		{0C36F19E-5935-43EA-819B-CC21E167E549}.Release|Any CPU.ActiveCfg = Release|Any CPU
		{0C36F19E-5935-43EA-819B-CC21E167E549}.Release|Any CPU.Build.0 = Release|Any CPU
	EndGlobalSection
	GlobalSection(SolutionProperties) = preSolution
		HideSolutionNode = FALSE
	EndGlobalSection
	GlobalSection(NestedProjects) = preSolution
		{8E82A05F-0F66-4863-9F50-B20FB1BA6DBE} = {375DBA3F-7C4B-4AD3-9F08-032C77299F8F}
		{1BF39642-96D4-4D4F-8CAF-29E3227800FB} = {8E82A05F-0F66-4863-9F50-B20FB1BA6DBE}
		{87EB3EB5-DB3D-4D46-A349-B074FDF21313} = {375DBA3F-7C4B-4AD3-9F08-032C77299F8F}
		{0C36F19E-5935-43EA-819B-CC21E167E549} = {87EB3EB5-DB3D-4D46-A349-B074FDF21313}
	EndGlobalSection
	GlobalSection(ExtensibilityGlobals) = postSolution
		SolutionGuid = {1A65DDC9-CD12-4401-A8CB-0D2E4D82FFC1}
	EndGlobalSection
EndGlobal
